PODS:
  - Alamofire (4.6.0)
  - ChameleonFramework/Default (2.1.0)
  - ChameleonFramework/Swift (2.1.0):
    - ChameleonFramework/Default
  - Firebase/Core (4.9.0):
    - FirebaseAnalytics (= 4.0.9)
    - FirebaseCore (= 4.0.15)
  - FirebaseAnalytics (4.0.9):
    - FirebaseCore (~> 4.0)
    - FirebaseInstanceID (~> 2.0)
    - GoogleToolboxForMac/NSData+zlib (~> 2.1)
    - nanopb (~> 0.3)
  - FirebaseCore (4.0.15):
    - GoogleToolboxForMac/NSData+zlib (~> 2.1)
  - FirebaseInstanceID (2.0.9):
    - FirebaseCore (~> 4.0)
  - GoogleToolboxForMac/Defines (2.1.3)
  - GoogleToolboxForMac/NSData+zlib (2.1.3):
    - GoogleToolboxForMac/Defines (= 2.1.3)
  - nanopb (0.3.8):
    - nanopb/decode (= 0.3.8)
    - nanopb/encode (= 0.3.8)
  - nanopb/decode (0.3.8)
  - nanopb/encode (0.3.8)
  - PromiseKit (6.0.2):
    - PromiseKit/CorePromise (= 6.0.2)
    - PromiseKit/Foundation (= 6.0.2)
    - PromiseKit/UIKit (= 6.0.2)
  - PromiseKit/CorePromise (6.0.2)
  - PromiseKit/Foundation (6.0.2):
    - PromiseKit/CorePromise
  - PromiseKit/UIKit (6.0.2):
    - PromiseKit/CorePromise

DEPENDENCIES:
  - Alamofire (~> 4.5)
  - ChameleonFramework/Swift (from `https://github.com/ViccAlexander/Chameleon.git`, branch `wip/swift4`)
  - Firebase/Core
  - PromiseKit (~> 6.0)

EXTERNAL SOURCES:
  ChameleonFramework:
    :branch: wip/swift4
    :git: https://github.com/ViccAlexander/Chameleon.git

CHECKOUT OPTIONS:
  ChameleonFramework:
    :commit: db432ca1b1a3d8f83ee1f881208c0c960a325e73
    :git: https://github.com/ViccAlexander/Chameleon.git

SPEC CHECKSUMS:
  Alamofire: f41a599bd63041760b26d393ec1069d9d7b917f4
  ChameleonFramework: d21a3cc247abfe5e37609a283a8238b03575cf64
  Firebase: 632216af3ed7f31e3be34776947fdc7546cfb572
  FirebaseAnalytics: 388b630c15713f5dbf364071f5f3d6077fb52f4e
  FirebaseCore: 3bd047463058fa6b5d312c97502c52e45401cdfb
  FirebaseInstanceID: d2058a35e9bebda1b6dd42486b84917bde552a9d
  GoogleToolboxForMac: 2501e2ad72a52eb3dfe7bd9aee7dad11b858bd20
  nanopb: 5601e6bca2dbf1ed831b519092ec110f66982ca3
  PromiseKit: fb2f518a7e868eacddfd3a08c38fe81eff25f92c

PODFILE CHECKSUM: ea8288df6a8d5ce56851391fee4ed271f62cdd71

COCOAPODS: 1.4.0
