// !$*UTF8*$!
{
	archiveVersion = 1;
	classes = {
	};
	objectVersion = 48;
	objects = {

/* Begin PBXBuildFile section */
		0891CFC5D564035A8293AA24 /* Pods_ProjectTune.framework in Frameworks */ = {isa = PBXBuildFile; fileRef = EC07125D5BBEC77D4F7EDF75 /* Pods_ProjectTune.framework */; };
		0DF3CE48FE84B59E9C17022F /* Pods_ProjectTuneTests.framework in Frameworks */ = {isa = PBXBuildFile; fileRef = AF7916B24AB2B1E7BF56CC2E /* Pods_ProjectTuneTests.framework */; };
		6715ABA020388360007C2B27 /* PNSongTableViewCell.swift in Sources */ = {isa = PBXBuildFile; fileRef = 6715AB9F20388360007C2B27 /* PNSongTableViewCell.swift */; };
		679D07BC2037D05600F62C68 /* ChameleonFramework.framework in Frameworks */ = {isa = PBXBuildFile; fileRef = 679D07BB2037D05600F62C68 /* ChameleonFramework.framework */; };
		679D07BE2037D15D00F62C68 /* Colors.swift in Sources */ = {isa = PBXBuildFile; fileRef = 679D07BD2037D15D00F62C68 /* Colors.swift */; };
		679D07C02037D7F300F62C68 /* PNNearbyTableViewController.swift in Sources */ = {isa = PBXBuildFile; fileRef = 679D07BF2037D7F300F62C68 /* PNNearbyTableViewController.swift */; };
		679D07C22037DD4D00F62C68 /* signalicon.png in Resources */ = {isa = PBXBuildFile; fileRef = 679D07C12037DD4D00F62C68 /* signalicon.png */; };
		679D07C42037E00700F62C68 /* PNNearbyCardTableViewCell.swift in Sources */ = {isa = PBXBuildFile; fileRef = 679D07C32037E00700F62C68 /* PNNearbyCardTableViewCell.swift */; };
		679D07C82037E8AE00F62C68 /* dismissicon.png in Resources */ = {isa = PBXBuildFile; fileRef = 679D07C72037E8AE00F62C68 /* dismissicon.png */; };
		679D07CA2037E96A00F62C68 /* devicesicon.png in Resources */ = {isa = PBXBuildFile; fileRef = 679D07C92037E96A00F62C68 /* devicesicon.png */; };
		679D07CC2037EBA100F62C68 /* PNDeviceViewController.swift in Sources */ = {isa = PBXBuildFile; fileRef = 679D07CB2037EBA100F62C68 /* PNDeviceViewController.swift */; };
		679D07D42037EDE400F62C68 /* LNPopupController.framework in Frameworks */ = {isa = PBXBuildFile; fileRef = 679D07D32037EDE400F62C68 /* LNPopupController.framework */; };
		679D07D52037EDE400F62C68 /* LNPopupController.framework in Embed Frameworks */ = {isa = PBXBuildFile; fileRef = 679D07D32037EDE400F62C68 /* LNPopupController.framework */; settings = {ATTRIBUTES = (CodeSignOnCopy, RemoveHeadersOnCopy, ); }; };
		679D07D82037EF0A00F62C68 /* PNDeviceNavigationViewController.swift in Sources */ = {isa = PBXBuildFile; fileRef = 679D07D72037EF0A00F62C68 /* PNDeviceNavigationViewController.swift */; };
		67B02EEB2037C5820092C186 /* AppDelegate.swift in Sources */ = {isa = PBXBuildFile; fileRef = 67B02EEA2037C5820092C186 /* AppDelegate.swift */; };
		67B02EF22037C5820092C186 /* Assets.xcassets in Resources */ = {isa = PBXBuildFile; fileRef = 67B02EF12037C5820092C186 /* Assets.xcassets */; };
		67B02EF52037C5820092C186 /* LaunchScreen.storyboard in Resources */ = {isa = PBXBuildFile; fileRef = 67B02EF32037C5820092C186 /* LaunchScreen.storyboard */; };
		67B02F002037C5820092C186 /* ProjectTuneTests.swift in Sources */ = {isa = PBXBuildFile; fileRef = 67B02EFF2037C5820092C186 /* ProjectTuneTests.swift */; };
		67BE2F4D2038B1960003B4F5 /* Main.storyboard in Resources */ = {isa = PBXBuildFile; fileRef = 67BE2F4C2038B1960003B4F5 /* Main.storyboard */; };
		67E1139F2038C48900252875 /* AddSongTableViewController.swift in Sources */ = {isa = PBXBuildFile; fileRef = 67E1139E2038C48900252875 /* AddSongTableViewController.swift */; };
		67E846DD203885AE005CA9C2 /* PNCustomTableViewCell.swift in Sources */ = {isa = PBXBuildFile; fileRef = 67E846DC203885AE005CA9C2 /* PNCustomTableViewCell.swift */; };
		67E846DF20388928005CA9C2 /* tswiftalbum.png in Resources */ = {isa = PBXBuildFile; fileRef = 67E846DE20388928005CA9C2 /* tswiftalbum.png */; };
		67E97513203890E700ECFA55 /* PNViewModel.swift in Sources */ = {isa = PBXBuildFile; fileRef = 67E97512203890E700ECFA55 /* PNViewModel.swift */; };
		67E975152038910600ECFA55 /* PNNearbyListViewModel.swift in Sources */ = {isa = PBXBuildFile; fileRef = 67E975142038910600ECFA55 /* PNNearbyListViewModel.swift */; };
		67E975172038916000ECFA55 /* PNNearbyDeviceViewModel.swift in Sources */ = {isa = PBXBuildFile; fileRef = 67E975162038916000ECFA55 /* PNNearbyDeviceViewModel.swift */; };
		67EA067B2037FBEF00CE81CA /* PNMusicPlayerControlsViewController.swift in Sources */ = {isa = PBXBuildFile; fileRef = 67EA067A2037FBEF00CE81CA /* PNMusicPlayerControlsViewController.swift */; };
		67EA067F2038786300CE81CA /* radiotowericon.png in Resources */ = {isa = PBXBuildFile; fileRef = 67EA067E2038786200CE81CA /* radiotowericon.png */; };
		964ED6782037D7AE0086348E /* PNMusicController.swift in Sources */ = {isa = PBXBuildFile; fileRef = 964ED6772037D7AE0086348E /* PNMusicController.swift */; };
		964ED67A2037D83B0086348E /* PNPlaybackDelegate.swift in Sources */ = {isa = PBXBuildFile; fileRef = 964ED6792037D83B0086348E /* PNPlaybackDelegate.swift */; };
		964ED67C2037DB1B0086348E /* PNTrack.swift in Sources */ = {isa = PBXBuildFile; fileRef = 964ED67B2037DB1B0086348E /* PNTrack.swift */; };
		964ED67E2037F1C00086348E /* PNNetwork.swift in Sources */ = {isa = PBXBuildFile; fileRef = 964ED67D2037F1C00086348E /* PNNetwork.swift */; };
		96BAF34920388B6C00B3E2E5 /* PNExtensions.swift in Sources */ = {isa = PBXBuildFile; fileRef = 96BAF34820388B6C00B3E2E5 /* PNExtensions.swift */; };
		96BAF34B2038921800B3E2E5 /* PNItunesSearchResponse.swift in Sources */ = {isa = PBXBuildFile; fileRef = 96BAF34A2038921800B3E2E5 /* PNItunesSearchResponse.swift */; };
		96BAF34F2038B47200B3E2E5 /* GoogleService-Info.plist in Resources */ = {isa = PBXBuildFile; fileRef = 96BAF34E2038B47200B3E2E5 /* GoogleService-Info.plist */; };
		96BF2FBF2037FE1A008BA989 /* PNNavigationViewController.swift in Sources */ = {isa = PBXBuildFile; fileRef = 96BF2FBE2037FE1A008BA989 /* PNNavigationViewController.swift */; };
		96BF2FC02037FEF9008BA989 /* Alamofire.framework in Frameworks */ = {isa = PBXBuildFile; fileRef = 96BF2FC12037FEF9008BA989 /* Alamofire.framework */; };
		96BF2FC92038046E008BA989 /* PNTrack.swift in Sources */ = {isa = PBXBuildFile; fileRef = 964ED67B2037DB1B0086348E /* PNTrack.swift */; };
/* End PBXBuildFile section */

/* Begin PBXContainerItemProxy section */
		67B02EFC2037C5820092C186 /* PBXContainerItemProxy */ = {
			isa = PBXContainerItemProxy;
			containerPortal = 67B02EDF2037C5810092C186 /* Project object */;
			proxyType = 1;
			remoteGlobalIDString = 67B02EE62037C5820092C186;
			remoteInfo = ProjectTune;
		};
/* End PBXContainerItemProxy section */

/* Begin PBXCopyFilesBuildPhase section */
		679D07D62037EDE400F62C68 /* Embed Frameworks */ = {
			isa = PBXCopyFilesBuildPhase;
			buildActionMask = 2147483647;
			dstPath = "";
			dstSubfolderSpec = 10;
			files = (
				679D07D52037EDE400F62C68 /* LNPopupController.framework in Embed Frameworks */,
			);
			name = "Embed Frameworks";
			runOnlyForDeploymentPostprocessing = 0;
		};
/* End PBXCopyFilesBuildPhase section */

/* Begin PBXFileReference section */
		2CE99E8370506FB74FF484F9 /* Pods-ProjectTune.debug.xcconfig */ = {isa = PBXFileReference; includeInIndex = 1; lastKnownFileType = text.xcconfig; name = "Pods-ProjectTune.debug.xcconfig"; path = "Pods/Target Support Files/Pods-ProjectTune/Pods-ProjectTune.debug.xcconfig"; sourceTree = "<group>"; };
		4972C635D291A309D5ED3ECF /* Pods-ProjectTuneUITests.release.xcconfig */ = {isa = PBXFileReference; includeInIndex = 1; lastKnownFileType = text.xcconfig; name = "Pods-ProjectTuneUITests.release.xcconfig"; path = "Pods/Target Support Files/Pods-ProjectTuneUITests/Pods-ProjectTuneUITests.release.xcconfig"; sourceTree = "<group>"; };
		593958787C8789A42191D4F1 /* Pods_ProjectTuneUITests.framework */ = {isa = PBXFileReference; explicitFileType = wrapper.framework; includeInIndex = 0; path = Pods_ProjectTuneUITests.framework; sourceTree = BUILT_PRODUCTS_DIR; };
		6715AB9F20388360007C2B27 /* PNSongTableViewCell.swift */ = {isa = PBXFileReference; lastKnownFileType = sourcecode.swift; path = PNSongTableViewCell.swift; sourceTree = "<group>"; };
		679D07BB2037D05600F62C68 /* ChameleonFramework.framework */ = {isa = PBXFileReference; explicitFileType = wrapper.framework; path = ChameleonFramework.framework; sourceTree = BUILT_PRODUCTS_DIR; };
		679D07BD2037D15D00F62C68 /* Colors.swift */ = {isa = PBXFileReference; fileEncoding = 4; lastKnownFileType = sourcecode.swift; path = Colors.swift; sourceTree = "<group>"; };
		679D07BF2037D7F300F62C68 /* PNNearbyTableViewController.swift */ = {isa = PBXFileReference; lastKnownFileType = sourcecode.swift; path = PNNearbyTableViewController.swift; sourceTree = "<group>"; };
		679D07C12037DD4D00F62C68 /* signalicon.png */ = {isa = PBXFileReference; lastKnownFileType = image.png; path = signalicon.png; sourceTree = "<group>"; };
		679D07C32037E00700F62C68 /* PNNearbyCardTableViewCell.swift */ = {isa = PBXFileReference; lastKnownFileType = sourcecode.swift; path = PNNearbyCardTableViewCell.swift; sourceTree = "<group>"; };
		679D07C72037E8AE00F62C68 /* dismissicon.png */ = {isa = PBXFileReference; lastKnownFileType = image.png; path = dismissicon.png; sourceTree = "<group>"; };
		679D07C92037E96A00F62C68 /* devicesicon.png */ = {isa = PBXFileReference; lastKnownFileType = image.png; path = devicesicon.png; sourceTree = "<group>"; };
		679D07CB2037EBA100F62C68 /* PNDeviceViewController.swift */ = {isa = PBXFileReference; lastKnownFileType = sourcecode.swift; path = PNDeviceViewController.swift; sourceTree = "<group>"; };
		679D07D32037EDE400F62C68 /* LNPopupController.framework */ = {isa = PBXFileReference; explicitFileType = wrapper.framework; path = LNPopupController.framework; sourceTree = BUILT_PRODUCTS_DIR; };
		679D07D72037EF0A00F62C68 /* PNDeviceNavigationViewController.swift */ = {isa = PBXFileReference; lastKnownFileType = sourcecode.swift; path = PNDeviceNavigationViewController.swift; sourceTree = "<group>"; };
		67B02EE72037C5820092C186 /* ProjectTune.app */ = {isa = PBXFileReference; explicitFileType = wrapper.application; includeInIndex = 0; path = ProjectTune.app; sourceTree = BUILT_PRODUCTS_DIR; };
		67B02EEA2037C5820092C186 /* AppDelegate.swift */ = {isa = PBXFileReference; lastKnownFileType = sourcecode.swift; path = AppDelegate.swift; sourceTree = "<group>"; };
		67B02EF12037C5820092C186 /* Assets.xcassets */ = {isa = PBXFileReference; lastKnownFileType = folder.assetcatalog; path = Assets.xcassets; sourceTree = "<group>"; };
		67B02EF42037C5820092C186 /* Base */ = {isa = PBXFileReference; lastKnownFileType = file.storyboard; name = Base; path = Base.lproj/LaunchScreen.storyboard; sourceTree = "<group>"; };
		67B02EF62037C5820092C186 /* Info.plist */ = {isa = PBXFileReference; lastKnownFileType = text.plist.xml; path = Info.plist; sourceTree = "<group>"; };
		67B02EFB2037C5820092C186 /* ProjectTuneTests.xctest */ = {isa = PBXFileReference; explicitFileType = wrapper.cfbundle; includeInIndex = 0; path = ProjectTuneTests.xctest; sourceTree = BUILT_PRODUCTS_DIR; };
		67B02EFF2037C5820092C186 /* ProjectTuneTests.swift */ = {isa = PBXFileReference; lastKnownFileType = sourcecode.swift; path = ProjectTuneTests.swift; sourceTree = "<group>"; };
		67B02F012037C5820092C186 /* Info.plist */ = {isa = PBXFileReference; lastKnownFileType = text.plist.xml; path = Info.plist; sourceTree = "<group>"; };
		67B02F0A2037C5820092C186 /* ProjectTuneUITests.swift */ = {isa = PBXFileReference; lastKnownFileType = sourcecode.swift; path = ProjectTuneUITests.swift; sourceTree = "<group>"; };
		67B02F0C2037C5820092C186 /* Info.plist */ = {isa = PBXFileReference; lastKnownFileType = text.plist.xml; path = Info.plist; sourceTree = "<group>"; };
		67BE2F4C2038B1960003B4F5 /* Main.storyboard */ = {isa = PBXFileReference; lastKnownFileType = file.storyboard; path = Main.storyboard; sourceTree = "<group>"; };
		67E1139E2038C48900252875 /* AddSongTableViewController.swift */ = {isa = PBXFileReference; lastKnownFileType = sourcecode.swift; path = AddSongTableViewController.swift; sourceTree = "<group>"; };
		67E846DC203885AE005CA9C2 /* PNCustomTableViewCell.swift */ = {isa = PBXFileReference; lastKnownFileType = sourcecode.swift; path = PNCustomTableViewCell.swift; sourceTree = "<group>"; };
		67E846DE20388928005CA9C2 /* tswiftalbum.png */ = {isa = PBXFileReference; lastKnownFileType = image.png; path = tswiftalbum.png; sourceTree = "<group>"; };
		67E97512203890E700ECFA55 /* PNViewModel.swift */ = {isa = PBXFileReference; lastKnownFileType = sourcecode.swift; path = PNViewModel.swift; sourceTree = "<group>"; };
		67E975142038910600ECFA55 /* PNNearbyListViewModel.swift */ = {isa = PBXFileReference; lastKnownFileType = sourcecode.swift; path = PNNearbyListViewModel.swift; sourceTree = "<group>"; };
		67E975162038916000ECFA55 /* PNNearbyDeviceViewModel.swift */ = {isa = PBXFileReference; fileEncoding = 4; lastKnownFileType = sourcecode.swift; path = PNNearbyDeviceViewModel.swift; sourceTree = "<group>"; };
		67EA067A2037FBEF00CE81CA /* PNMusicPlayerControlsViewController.swift */ = {isa = PBXFileReference; lastKnownFileType = sourcecode.swift; path = PNMusicPlayerControlsViewController.swift; sourceTree = "<group>"; };
		67EA067E2038786200CE81CA /* radiotowericon.png */ = {isa = PBXFileReference; lastKnownFileType = image.png; path = radiotowericon.png; sourceTree = "<group>"; };
		71C9873BE052A1B9FB1AC172 /* Pods-ProjectTuneTests.debug.xcconfig */ = {isa = PBXFileReference; includeInIndex = 1; lastKnownFileType = text.xcconfig; name = "Pods-ProjectTuneTests.debug.xcconfig"; path = "Pods/Target Support Files/Pods-ProjectTuneTests/Pods-ProjectTuneTests.debug.xcconfig"; sourceTree = "<group>"; };
		72A5A83300AD154148D71528 /* Pods-ProjectTuneUITests.debug.xcconfig */ = {isa = PBXFileReference; includeInIndex = 1; lastKnownFileType = text.xcconfig; name = "Pods-ProjectTuneUITests.debug.xcconfig"; path = "Pods/Target Support Files/Pods-ProjectTuneUITests/Pods-ProjectTuneUITests.debug.xcconfig"; sourceTree = "<group>"; };
		74B2060D90EFDA458728332A /* Pods-ProjectTune.release.xcconfig */ = {isa = PBXFileReference; includeInIndex = 1; lastKnownFileType = text.xcconfig; name = "Pods-ProjectTune.release.xcconfig"; path = "Pods/Target Support Files/Pods-ProjectTune/Pods-ProjectTune.release.xcconfig"; sourceTree = "<group>"; };
		964ED6772037D7AE0086348E /* PNMusicController.swift */ = {isa = PBXFileReference; lastKnownFileType = sourcecode.swift; path = PNMusicController.swift; sourceTree = "<group>"; };
		964ED6792037D83B0086348E /* PNPlaybackDelegate.swift */ = {isa = PBXFileReference; lastKnownFileType = sourcecode.swift; path = PNPlaybackDelegate.swift; sourceTree = "<group>"; };
		964ED67B2037DB1B0086348E /* PNTrack.swift */ = {isa = PBXFileReference; lastKnownFileType = sourcecode.swift; path = PNTrack.swift; sourceTree = "<group>"; };
		964ED67D2037F1C00086348E /* PNNetwork.swift */ = {isa = PBXFileReference; lastKnownFileType = sourcecode.swift; path = PNNetwork.swift; sourceTree = "<group>"; };
		96BAF34820388B6C00B3E2E5 /* PNExtensions.swift */ = {isa = PBXFileReference; lastKnownFileType = sourcecode.swift; path = PNExtensions.swift; sourceTree = "<group>"; };
		96BAF34A2038921800B3E2E5 /* PNItunesSearchResponse.swift */ = {isa = PBXFileReference; lastKnownFileType = sourcecode.swift; path = PNItunesSearchResponse.swift; sourceTree = "<group>"; };
		96BAF34E2038B47200B3E2E5 /* GoogleService-Info.plist */ = {isa = PBXFileReference; fileEncoding = 4; lastKnownFileType = text.plist.xml; path = "GoogleService-Info.plist"; sourceTree = "<group>"; };
		96BF2FBE2037FE1A008BA989 /* PNNavigationViewController.swift */ = {isa = PBXFileReference; fileEncoding = 4; lastKnownFileType = sourcecode.swift; path = PNNavigationViewController.swift; sourceTree = "<group>"; };
		96BF2FC12037FEF9008BA989 /* Alamofire.framework */ = {isa = PBXFileReference; explicitFileType = wrapper.framework; path = Alamofire.framework; sourceTree = BUILT_PRODUCTS_DIR; };
		A75ADCB4871F504AA01F9755 /* Pods-ProjectTuneTests.release.xcconfig */ = {isa = PBXFileReference; includeInIndex = 1; lastKnownFileType = text.xcconfig; name = "Pods-ProjectTuneTests.release.xcconfig"; path = "Pods/Target Support Files/Pods-ProjectTuneTests/Pods-ProjectTuneTests.release.xcconfig"; sourceTree = "<group>"; };
		AF7916B24AB2B1E7BF56CC2E /* Pods_ProjectTuneTests.framework */ = {isa = PBXFileReference; explicitFileType = wrapper.framework; includeInIndex = 0; path = Pods_ProjectTuneTests.framework; sourceTree = BUILT_PRODUCTS_DIR; };
		EC07125D5BBEC77D4F7EDF75 /* Pods_ProjectTune.framework */ = {isa = PBXFileReference; explicitFileType = wrapper.framework; includeInIndex = 0; path = Pods_ProjectTune.framework; sourceTree = BUILT_PRODUCTS_DIR; };
/* End PBXFileReference section */

/* Begin PBXFrameworksBuildPhase section */
		67B02EE42037C5820092C186 /* Frameworks */ = {
			isa = PBXFrameworksBuildPhase;
			buildActionMask = 2147483647;
			files = (
				96BF2FC02037FEF9008BA989 /* Alamofire.framework in Frameworks */,
				679D07BC2037D05600F62C68 /* ChameleonFramework.framework in Frameworks */,
				0891CFC5D564035A8293AA24 /* Pods_ProjectTune.framework in Frameworks */,
				679D07D42037EDE400F62C68 /* LNPopupController.framework in Frameworks */,
			);
			runOnlyForDeploymentPostprocessing = 0;
		};
		67B02EF82037C5820092C186 /* Frameworks */ = {
			isa = PBXFrameworksBuildPhase;
			buildActionMask = 2147483647;
			files = (
				0DF3CE48FE84B59E9C17022F /* Pods_ProjectTuneTests.framework in Frameworks */,
			);
			runOnlyForDeploymentPostprocessing = 0;
		};
/* End PBXFrameworksBuildPhase section */

/* Begin PBXGroup section */
		67B02EDE2037C5810092C186 = {
			isa = PBXGroup;
			children = (
				679D07D32037EDE400F62C68 /* LNPopupController.framework */,
				67B02EE92037C5820092C186 /* ProjectTune */,
				67B02EFE2037C5820092C186 /* ProjectTuneTests */,
				67B02F092037C5820092C186 /* ProjectTuneUITests */,
				67B02EE82037C5820092C186 /* Products */,
				AB45C37D1EC650CC9DE47AFB /* Pods */,
				B2B5BD70A16BE049DE575ED6 /* Frameworks */,
			);
			sourceTree = "<group>";
		};
		67B02EE82037C5820092C186 /* Products */ = {
			isa = PBXGroup;
			children = (
				67B02EE72037C5820092C186 /* ProjectTune.app */,
				67B02EFB2037C5820092C186 /* ProjectTuneTests.xctest */,
			);
			name = Products;
			sourceTree = "<group>";
		};
		67B02EE92037C5820092C186 /* ProjectTune */ = {
			isa = PBXGroup;
			children = (
				96BAF34E2038B47200B3E2E5 /* GoogleService-Info.plist */,
				96BF2FBE2037FE1A008BA989 /* PNNavigationViewController.swift */,
				67E97511203890D900ECFA55 /* Model */,
				67B02EEA2037C5820092C186 /* AppDelegate.swift */,
				67BE2F4C2038B1960003B4F5 /* Main.storyboard */,
				67B02EF12037C5820092C186 /* Assets.xcassets */,
				67B02EF32037C5820092C186 /* LaunchScreen.storyboard */,
				67B02EF62037C5820092C186 /* Info.plist */,
				964ED6772037D7AE0086348E /* PNMusicController.swift */,
				964ED6792037D83B0086348E /* PNPlaybackDelegate.swift */,
				964ED67B2037DB1B0086348E /* PNTrack.swift */,
				964ED67D2037F1C00086348E /* PNNetwork.swift */,
				679D07BD2037D15D00F62C68 /* Colors.swift */,
				679D07BF2037D7F300F62C68 /* PNNearbyTableViewController.swift */,
				679D07C12037DD4D00F62C68 /* signalicon.png */,
				679D07C72037E8AE00F62C68 /* dismissicon.png */,
				679D07C92037E96A00F62C68 /* devicesicon.png */,
				679D07C32037E00700F62C68 /* PNNearbyCardTableViewCell.swift */,
				679D07CB2037EBA100F62C68 /* PNDeviceViewController.swift */,
				679D07D72037EF0A00F62C68 /* PNDeviceNavigationViewController.swift */,
				96BAF34820388B6C00B3E2E5 /* PNExtensions.swift */,
				96BAF34A2038921800B3E2E5 /* PNItunesSearchResponse.swift */,
				67EA067A2037FBEF00CE81CA /* PNMusicPlayerControlsViewController.swift */,
				67EA067E2038786200CE81CA /* radiotowericon.png */,
				6715AB9F20388360007C2B27 /* PNSongTableViewCell.swift */,
				67E846DC203885AE005CA9C2 /* PNCustomTableViewCell.swift */,
				67E846DE20388928005CA9C2 /* tswiftalbum.png */,
				67E1139E2038C48900252875 /* AddSongTableViewController.swift */,
			);
			path = ProjectTune;
			sourceTree = "<group>";
		};
		67B02EFE2037C5820092C186 /* ProjectTuneTests */ = {
			isa = PBXGroup;
			children = (
				67B02EFF2037C5820092C186 /* ProjectTuneTests.swift */,
				67B02F012037C5820092C186 /* Info.plist */,
			);
			path = ProjectTuneTests;
			sourceTree = "<group>";
		};
		67B02F092037C5820092C186 /* ProjectTuneUITests */ = {
			isa = PBXGroup;
			children = (
				67B02F0A2037C5820092C186 /* ProjectTuneUITests.swift */,
				67B02F0C2037C5820092C186 /* Info.plist */,
			);
			path = ProjectTuneUITests;
			sourceTree = "<group>";
		};
		67E97511203890D900ECFA55 /* Model */ = {
			isa = PBXGroup;
			children = (
				67E97512203890E700ECFA55 /* PNViewModel.swift */,
				67E975142038910600ECFA55 /* PNNearbyListViewModel.swift */,
				67E975162038916000ECFA55 /* PNNearbyDeviceViewModel.swift */,
			);
			path = Model;
			sourceTree = "<group>";
		};
		AB45C37D1EC650CC9DE47AFB /* Pods */ = {
			isa = PBXGroup;
			children = (
				2CE99E8370506FB74FF484F9 /* Pods-ProjectTune.debug.xcconfig */,
				74B2060D90EFDA458728332A /* Pods-ProjectTune.release.xcconfig */,
				71C9873BE052A1B9FB1AC172 /* Pods-ProjectTuneTests.debug.xcconfig */,
				A75ADCB4871F504AA01F9755 /* Pods-ProjectTuneTests.release.xcconfig */,
				72A5A83300AD154148D71528 /* Pods-ProjectTuneUITests.debug.xcconfig */,
				4972C635D291A309D5ED3ECF /* Pods-ProjectTuneUITests.release.xcconfig */,
			);
			name = Pods;
			sourceTree = "<group>";
		};
		B2B5BD70A16BE049DE575ED6 /* Frameworks */ = {
			isa = PBXGroup;
			children = (
				96BF2FC12037FEF9008BA989 /* Alamofire.framework */,
				679D07BB2037D05600F62C68 /* ChameleonFramework.framework */,
				EC07125D5BBEC77D4F7EDF75 /* Pods_ProjectTune.framework */,
				AF7916B24AB2B1E7BF56CC2E /* Pods_ProjectTuneTests.framework */,
				593958787C8789A42191D4F1 /* Pods_ProjectTuneUITests.framework */,
			);
			name = Frameworks;
			sourceTree = "<group>";
		};
/* End PBXGroup section */

/* Begin PBXNativeTarget section */
		67B02EE62037C5820092C186 /* ProjectTune */ = {
			isa = PBXNativeTarget;
			buildConfigurationList = 67B02F0F2037C5820092C186 /* Build configuration list for PBXNativeTarget "ProjectTune" */;
			buildPhases = (
				2E2947D1F13E650F3866932D /* [CP] Check Pods Manifest.lock */,
				67B02EE32037C5820092C186 /* Sources */,
				67B02EE42037C5820092C186 /* Frameworks */,
				67B02EE52037C5820092C186 /* Resources */,
				137C5DEC49582651238161A6 /* [CP] Embed Pods Frameworks */,
				7397DFF490B54C3C8FCE5F81 /* [CP] Copy Pods Resources */,
				679D07D62037EDE400F62C68 /* Embed Frameworks */,
			);
			buildRules = (
			);
			dependencies = (
			);
			name = ProjectTune;
			productName = ProjectTune;
			productReference = 67B02EE72037C5820092C186 /* ProjectTune.app */;
			productType = "com.apple.product-type.application";
		};
		67B02EFA2037C5820092C186 /* ProjectTuneTests */ = {
			isa = PBXNativeTarget;
			buildConfigurationList = 67B02F122037C5820092C186 /* Build configuration list for PBXNativeTarget "ProjectTuneTests" */;
			buildPhases = (
				4BEFF006764E4BDA46C6D094 /* [CP] Check Pods Manifest.lock */,
				67B02EF72037C5820092C186 /* Sources */,
				67B02EF82037C5820092C186 /* Frameworks */,
				67B02EF92037C5820092C186 /* Resources */,
				C0FEF143E0AADC271EF95BBB /* [CP] Embed Pods Frameworks */,
				2D71C1362EF05BCBD1C701F1 /* [CP] Copy Pods Resources */,
			);
			buildRules = (
			);
			dependencies = (
				67B02EFD2037C5820092C186 /* PBXTargetDependency */,
			);
			name = ProjectTuneTests;
			productName = ProjectTuneTests;
			productReference = 67B02EFB2037C5820092C186 /* ProjectTuneTests.xctest */;
			productType = "com.apple.product-type.bundle.unit-test";
		};
/* End PBXNativeTarget section */

/* Begin PBXProject section */
		67B02EDF2037C5810092C186 /* Project object */ = {
			isa = PBXProject;
			attributes = {
				LastSwiftUpdateCheck = 0920;
				LastUpgradeCheck = 0920;
				ORGANIZATIONNAME = GroupTune;
				TargetAttributes = {
					67B02EE62037C5820092C186 = {
						CreatedOnToolsVersion = 9.2;
						ProvisioningStyle = Automatic;
					};
					67B02EFA2037C5820092C186 = {
						CreatedOnToolsVersion = 9.2;
						ProvisioningStyle = Automatic;
						TestTargetID = 67B02EE62037C5820092C186;
					};
				};
			};
			buildConfigurationList = 67B02EE22037C5810092C186 /* Build configuration list for PBXProject "ProjectTune" */;
			compatibilityVersion = "Xcode 8.0";
			developmentRegion = en;
			hasScannedForEncodings = 0;
			knownRegions = (
				en,
				Base,
			);
			mainGroup = 67B02EDE2037C5810092C186;
			productRefGroup = 67B02EE82037C5820092C186 /* Products */;
			projectDirPath = "";
			projectRoot = "";
			targets = (
				67B02EE62037C5820092C186 /* ProjectTune */,
				67B02EFA2037C5820092C186 /* ProjectTuneTests */,
			);
		};
/* End PBXProject section */

/* Begin PBXResourcesBuildPhase section */
		67B02EE52037C5820092C186 /* Resources */ = {
			isa = PBXResourcesBuildPhase;
			buildActionMask = 2147483647;
			files = (
				67BE2F4D2038B1960003B4F5 /* Main.storyboard in Resources */,
				67B02EF52037C5820092C186 /* LaunchScreen.storyboard in Resources */,
				679D07C22037DD4D00F62C68 /* signalicon.png in Resources */,
				67B02EF22037C5820092C186 /* Assets.xcassets in Resources */,
				67EA067F2038786300CE81CA /* radiotowericon.png in Resources */,
				67E846DF20388928005CA9C2 /* tswiftalbum.png in Resources */,
				679D07C82037E8AE00F62C68 /* dismissicon.png in Resources */,
				679D07CA2037E96A00F62C68 /* devicesicon.png in Resources */,
				96BAF34F2038B47200B3E2E5 /* GoogleService-Info.plist in Resources */,
			);
			runOnlyForDeploymentPostprocessing = 0;
		};
		67B02EF92037C5820092C186 /* Resources */ = {
			isa = PBXResourcesBuildPhase;
			buildActionMask = 2147483647;
			files = (
			);
			runOnlyForDeploymentPostprocessing = 0;
		};
/* End PBXResourcesBuildPhase section */

/* Begin PBXShellScriptBuildPhase section */
		137C5DEC49582651238161A6 /* [CP] Embed Pods Frameworks */ = {
			isa = PBXShellScriptBuildPhase;
			buildActionMask = 2147483647;
			files = (
			);
			inputPaths = (
				"${SRCROOT}/Pods/Target Support Files/Pods-ProjectTune/Pods-ProjectTune-frameworks.sh",
				"${BUILT_PRODUCTS_DIR}/Alamofire/Alamofire.framework",
				"${BUILT_PRODUCTS_DIR}/ChameleonFramework/ChameleonFramework.framework",
				"${BUILT_PRODUCTS_DIR}/GoogleToolboxForMac/GoogleToolboxForMac.framework",
				"${BUILT_PRODUCTS_DIR}/PromiseKit/PromiseKit.framework",
				"${BUILT_PRODUCTS_DIR}/nanopb/nanopb.framework",
			);
			name = "[CP] Embed Pods Frameworks";
			outputPaths = (
				"${TARGET_BUILD_DIR}/${FRAMEWORKS_FOLDER_PATH}/Alamofire.framework",
				"${TARGET_BUILD_DIR}/${FRAMEWORKS_FOLDER_PATH}/ChameleonFramework.framework",
				"${TARGET_BUILD_DIR}/${FRAMEWORKS_FOLDER_PATH}/GoogleToolboxForMac.framework",
				"${TARGET_BUILD_DIR}/${FRAMEWORKS_FOLDER_PATH}/PromiseKit.framework",
				"${TARGET_BUILD_DIR}/${FRAMEWORKS_FOLDER_PATH}/nanopb.framework",
			);
			runOnlyForDeploymentPostprocessing = 0;
			shellPath = /bin/sh;
			shellScript = "\"${SRCROOT}/Pods/Target Support Files/Pods-ProjectTune/Pods-ProjectTune-frameworks.sh\"\n";
			showEnvVarsInLog = 0;
		};
		2D71C1362EF05BCBD1C701F1 /* [CP] Copy Pods Resources */ = {
			isa = PBXShellScriptBuildPhase;
			buildActionMask = 2147483647;
			files = (
			);
			inputPaths = (
			);
			name = "[CP] Copy Pods Resources";
			outputPaths = (
			);
			runOnlyForDeploymentPostprocessing = 0;
			shellPath = /bin/sh;
			shellScript = "\"${SRCROOT}/Pods/Target Support Files/Pods-ProjectTuneTests/Pods-ProjectTuneTests-resources.sh\"\n";
			showEnvVarsInLog = 0;
		};
		2E2947D1F13E650F3866932D /* [CP] Check Pods Manifest.lock */ = {
			isa = PBXShellScriptBuildPhase;
			buildActionMask = 2147483647;
			files = (
			);
			inputPaths = (
				"${PODS_PODFILE_DIR_PATH}/Podfile.lock",
				"${PODS_ROOT}/Manifest.lock",
			);
			name = "[CP] Check Pods Manifest.lock";
			outputPaths = (
				"$(DERIVED_FILE_DIR)/Pods-ProjectTune-checkManifestLockResult.txt",
			);
			runOnlyForDeploymentPostprocessing = 0;
			shellPath = /bin/sh;
			shellScript = "diff \"${PODS_PODFILE_DIR_PATH}/Podfile.lock\" \"${PODS_ROOT}/Manifest.lock\" > /dev/null\nif [ $? != 0 ] ; then\n    # print error to STDERR\n    echo \"error: The sandbox is not in sync with the Podfile.lock. Run 'pod install' or update your CocoaPods installation.\" >&2\n    exit 1\nfi\n# This output is used by Xcode 'outputs' to avoid re-running this script phase.\necho \"SUCCESS\" > \"${SCRIPT_OUTPUT_FILE_0}\"\n";
			showEnvVarsInLog = 0;
		};
		4BEFF006764E4BDA46C6D094 /* [CP] Check Pods Manifest.lock */ = {
			isa = PBXShellScriptBuildPhase;
			buildActionMask = 2147483647;
			files = (
			);
			inputPaths = (
				"${PODS_PODFILE_DIR_PATH}/Podfile.lock",
				"${PODS_ROOT}/Manifest.lock",
			);
			name = "[CP] Check Pods Manifest.lock";
			outputPaths = (
				"$(DERIVED_FILE_DIR)/Pods-ProjectTuneTests-checkManifestLockResult.txt",
			);
			runOnlyForDeploymentPostprocessing = 0;
			shellPath = /bin/sh;
			shellScript = "diff \"${PODS_PODFILE_DIR_PATH}/Podfile.lock\" \"${PODS_ROOT}/Manifest.lock\" > /dev/null\nif [ $? != 0 ] ; then\n    # print error to STDERR\n    echo \"error: The sandbox is not in sync with the Podfile.lock. Run 'pod install' or update your CocoaPods installation.\" >&2\n    exit 1\nfi\n# This output is used by Xcode 'outputs' to avoid re-running this script phase.\necho \"SUCCESS\" > \"${SCRIPT_OUTPUT_FILE_0}\"\n";
			showEnvVarsInLog = 0;
		};
		7397DFF490B54C3C8FCE5F81 /* [CP] Copy Pods Resources */ = {
			isa = PBXShellScriptBuildPhase;
			buildActionMask = 2147483647;
			files = (
			);
			inputPaths = (
			);
			name = "[CP] Copy Pods Resources";
			outputPaths = (
			);
			runOnlyForDeploymentPostprocessing = 0;
			shellPath = /bin/sh;
			shellScript = "\"${SRCROOT}/Pods/Target Support Files/Pods-ProjectTune/Pods-ProjectTune-resources.sh\"\n";
			showEnvVarsInLog = 0;
		};
		C0FEF143E0AADC271EF95BBB /* [CP] Embed Pods Frameworks */ = {
			isa = PBXShellScriptBuildPhase;
			buildActionMask = 2147483647;
			files = (
			);
			inputPaths = (
			);
			name = "[CP] Embed Pods Frameworks";
			outputPaths = (
			);
			runOnlyForDeploymentPostprocessing = 0;
			shellPath = /bin/sh;
			shellScript = "\"${SRCROOT}/Pods/Target Support Files/Pods-ProjectTuneTests/Pods-ProjectTuneTests-frameworks.sh\"\n";
			showEnvVarsInLog = 0;
		};
/* End PBXShellScriptBuildPhase section */

/* Begin PBXSourcesBuildPhase section */
		67B02EE32037C5820092C186 /* Sources */ = {
			isa = PBXSourcesBuildPhase;
			buildActionMask = 2147483647;
			files = (
				964ED6782037D7AE0086348E /* PNMusicController.swift in Sources */,
				96BF2FBF2037FE1A008BA989 /* PNNavigationViewController.swift in Sources */,
				964ED67E2037F1C00086348E /* PNNetwork.swift in Sources */,
				964ED67C2037DB1B0086348E /* PNTrack.swift in Sources */,
				96BAF34B2038921800B3E2E5 /* PNItunesSearchResponse.swift in Sources */,
				679D07CC2037EBA100F62C68 /* PNDeviceViewController.swift in Sources */,
				679D07D82037EF0A00F62C68 /* PNDeviceNavigationViewController.swift in Sources */,
				6715ABA020388360007C2B27 /* PNSongTableViewCell.swift in Sources */,
				67E97513203890E700ECFA55 /* PNViewModel.swift in Sources */,
				679D07C42037E00700F62C68 /* PNNearbyCardTableViewCell.swift in Sources */,
				67EA067B2037FBEF00CE81CA /* PNMusicPlayerControlsViewController.swift in Sources */,
				67E846DD203885AE005CA9C2 /* PNCustomTableViewCell.swift in Sources */,
				679D07BE2037D15D00F62C68 /* Colors.swift in Sources */,
				67E975152038910600ECFA55 /* PNNearbyListViewModel.swift in Sources */,
				67E975172038916000ECFA55 /* PNNearbyDeviceViewModel.swift in Sources */,
				679D07C02037D7F300F62C68 /* PNNearbyTableViewController.swift in Sources */,
				67E1139F2038C48900252875 /* AddSongTableViewController.swift in Sources */,
				96BAF34920388B6C00B3E2E5 /* PNExtensions.swift in Sources */,
				67B02EEB2037C5820092C186 /* AppDelegate.swift in Sources */,
				964ED67A2037D83B0086348E /* PNPlaybackDelegate.swift in Sources */,
			);
			runOnlyForDeploymentPostprocessing = 0;
		};
		67B02EF72037C5820092C186 /* Sources */ = {
			isa = PBXSourcesBuildPhase;
			buildActionMask = 2147483647;
			files = (
				96BF2FC92038046E008BA989 /* PNTrack.swift in Sources */,
				67B02F002037C5820092C186 /* ProjectTuneTests.swift in Sources */,
			);
			runOnlyForDeploymentPostprocessing = 0;
		};
/* End PBXSourcesBuildPhase section */

/* Begin PBXTargetDependency section */
		67B02EFD2037C5820092C186 /* PBXTargetDependency */ = {
			isa = PBXTargetDependency;
			target = 67B02EE62037C5820092C186 /* ProjectTune */;
			targetProxy = 67B02EFC2037C5820092C186 /* PBXContainerItemProxy */;
		};
/* End PBXTargetDependency section */

/* Begin PBXVariantGroup section */
		67B02EF32037C5820092C186 /* LaunchScreen.storyboard */ = {
			isa = PBXVariantGroup;
			children = (
				67B02EF42037C5820092C186 /* Base */,
			);
			name = LaunchScreen.storyboard;
			sourceTree = "<group>";
		};
/* End PBXVariantGroup section */

/* Begin XCBuildConfiguration section */
		67B02F0D2037C5820092C186 /* Debug */ = {
			isa = XCBuildConfiguration;
			buildSettings = {
				ALWAYS_SEARCH_USER_PATHS = NO;
				CLANG_ANALYZER_NONNULL = YES;
				CLANG_ANALYZER_NUMBER_OBJECT_CONVERSION = YES_AGGRESSIVE;
				CLANG_CXX_LANGUAGE_STANDARD = "gnu++14";
				CLANG_CXX_LIBRARY = "libc++";
				CLANG_ENABLE_MODULES = YES;
				CLANG_ENABLE_OBJC_ARC = YES;
				CLANG_WARN_BLOCK_CAPTURE_AUTORELEASING = YES;
				CLANG_WARN_BOOL_CONVERSION = YES;
				CLANG_WARN_COMMA = YES;
				CLANG_WARN_CONSTANT_CONVERSION = YES;
				CLANG_WARN_DIRECT_OBJC_ISA_USAGE = YES_ERROR;
				CLANG_WARN_DOCUMENTATION_COMMENTS = YES;
				CLANG_WARN_EMPTY_BODY = YES;
				CLANG_WARN_ENUM_CONVERSION = YES;
				CLANG_WARN_INFINITE_RECURSION = YES;
				CLANG_WARN_INT_CONVERSION = YES;
				CLANG_WARN_NON_LITERAL_NULL_CONVERSION = YES;
				CLANG_WARN_OBJC_LITERAL_CONVERSION = YES;
				CLANG_WARN_OBJC_ROOT_CLASS = YES_ERROR;
				CLANG_WARN_RANGE_LOOP_ANALYSIS = YES;
				CLANG_WARN_STRICT_PROTOTYPES = YES;
				CLANG_WARN_SUSPICIOUS_MOVE = YES;
				CLANG_WARN_UNGUARDED_AVAILABILITY = YES_AGGRESSIVE;
				CLANG_WARN_UNREACHABLE_CODE = YES;
				CLANG_WARN__DUPLICATE_METHOD_MATCH = YES;
				CODE_SIGN_IDENTITY = "iPhone Developer";
				COPY_PHASE_STRIP = NO;
				DEBUG_INFORMATION_FORMAT = dwarf;
				ENABLE_STRICT_OBJC_MSGSEND = YES;
				ENABLE_TESTABILITY = YES;
				GCC_C_LANGUAGE_STANDARD = gnu11;
				GCC_DYNAMIC_NO_PIC = NO;
				GCC_NO_COMMON_BLOCKS = YES;
				GCC_OPTIMIZATION_LEVEL = 0;
				GCC_PREPROCESSOR_DEFINITIONS = (
					"DEBUG=1",
					"$(inherited)",
				);
				GCC_WARN_64_TO_32_BIT_CONVERSION = YES;
				GCC_WARN_ABOUT_RETURN_TYPE = YES_ERROR;
				GCC_WARN_UNDECLARED_SELECTOR = YES;
				GCC_WARN_UNINITIALIZED_AUTOS = YES_AGGRESSIVE;
				GCC_WARN_UNUSED_FUNCTION = YES;
				GCC_WARN_UNUSED_VARIABLE = YES;
				IPHONEOS_DEPLOYMENT_TARGET = 11.2;
				MTL_ENABLE_DEBUG_INFO = YES;
				ONLY_ACTIVE_ARCH = YES;
				SDKROOT = iphoneos;
				SWIFT_ACTIVE_COMPILATION_CONDITIONS = DEBUG;
				SWIFT_OPTIMIZATION_LEVEL = "-Onone";
			};
			name = Debug;
		};
		67B02F0E2037C5820092C186 /* Release */ = {
			isa = XCBuildConfiguration;
			buildSettings = {
				ALWAYS_SEARCH_USER_PATHS = NO;
				CLANG_ANALYZER_NONNULL = YES;
				CLANG_ANALYZER_NUMBER_OBJECT_CONVERSION = YES_AGGRESSIVE;
				CLANG_CXX_LANGUAGE_STANDARD = "gnu++14";
				CLANG_CXX_LIBRARY = "libc++";
				CLANG_ENABLE_MODULES = YES;
				CLANG_ENABLE_OBJC_ARC = YES;
				CLANG_WARN_BLOCK_CAPTURE_AUTORELEASING = YES;
				CLANG_WARN_BOOL_CONVERSION = YES;
				CLANG_WARN_COMMA = YES;
				CLANG_WARN_CONSTANT_CONVERSION = YES;
				CLANG_WARN_DIRECT_OBJC_ISA_USAGE = YES_ERROR;
				CLANG_WARN_DOCUMENTATION_COMMENTS = YES;
				CLANG_WARN_EMPTY_BODY = YES;
				CLANG_WARN_ENUM_CONVERSION = YES;
				CLANG_WARN_INFINITE_RECURSION = YES;
				CLANG_WARN_INT_CONVERSION = YES;
				CLANG_WARN_NON_LITERAL_NULL_CONVERSION = YES;
				CLANG_WARN_OBJC_LITERAL_CONVERSION = YES;
				CLANG_WARN_OBJC_ROOT_CLASS = YES_ERROR;
				CLANG_WARN_RANGE_LOOP_ANALYSIS = YES;
				CLANG_WARN_STRICT_PROTOTYPES = YES;
				CLANG_WARN_SUSPICIOUS_MOVE = YES;
				CLANG_WARN_UNGUARDED_AVAILABILITY = YES_AGGRESSIVE;
				CLANG_WARN_UNREACHABLE_CODE = YES;
				CLANG_WARN__DUPLICATE_METHOD_MATCH = YES;
				CODE_SIGN_IDENTITY = "iPhone Developer";
				COPY_PHASE_STRIP = NO;
				DEBUG_INFORMATION_FORMAT = "dwarf-with-dsym";
				ENABLE_NS_ASSERTIONS = NO;
				ENABLE_STRICT_OBJC_MSGSEND = YES;
				GCC_C_LANGUAGE_STANDARD = gnu11;
				GCC_NO_COMMON_BLOCKS = YES;
				GCC_WARN_64_TO_32_BIT_CONVERSION = YES;
				GCC_WARN_ABOUT_RETURN_TYPE = YES_ERROR;
				GCC_WARN_UNDECLARED_SELECTOR = YES;
				GCC_WARN_UNINITIALIZED_AUTOS = YES_AGGRESSIVE;
				GCC_WARN_UNUSED_FUNCTION = YES;
				GCC_WARN_UNUSED_VARIABLE = YES;
				IPHONEOS_DEPLOYMENT_TARGET = 11.2;
				MTL_ENABLE_DEBUG_INFO = NO;
				SDKROOT = iphoneos;
				SWIFT_OPTIMIZATION_LEVEL = "-Owholemodule";
				VALIDATE_PRODUCT = YES;
			};
			name = Release;
		};
		67B02F102037C5820092C186 /* Debug */ = {
			isa = XCBuildConfiguration;
			baseConfigurationReference = 2CE99E8370506FB74FF484F9 /* Pods-ProjectTune.debug.xcconfig */;
			buildSettings = {
				ASSETCATALOG_COMPILER_APPICON_NAME = AppIcon;
				"CODE_SIGN_IDENTITY[sdk=iphoneos*]" = "iPhone Developer";
				CODE_SIGN_STYLE = Automatic;
				DEVELOPMENT_TEAM = ZQ34F633JX;
				DEVELOPMENT_TEAM = R65ELCKB8X;
				INFOPLIST_FILE = ProjectTune/Info.plist;
				LD_RUNPATH_SEARCH_PATHS = "$(inherited) @executable_path/Frameworks";
				PRODUCT_BUNDLE_IDENTIFIER = com.grouptuness.ProjectTune;
				PRODUCT_NAME = "$(TARGET_NAME)";
				PROVISIONING_PROFILE_SPECIFIER = "";
				SWIFT_VERSION = 4.0;
				TARGETED_DEVICE_FAMILY = "1,2";
			};
			name = Debug;
		};
		67B02F112037C5820092C186 /* Release */ = {
			isa = XCBuildConfiguration;
			baseConfigurationReference = 74B2060D90EFDA458728332A /* Pods-ProjectTune.release.xcconfig */;
			buildSettings = {
				ASSETCATALOG_COMPILER_APPICON_NAME = AppIcon;
				"CODE_SIGN_IDENTITY[sdk=iphoneos*]" = "iPhone Developer";
				CODE_SIGN_STYLE = Automatic;
				DEVELOPMENT_TEAM = ZQ34F633JX;
				DEVELOPMENT_TEAM = R65ELCKB8X;
				INFOPLIST_FILE = ProjectTune/Info.plist;
				LD_RUNPATH_SEARCH_PATHS = "$(inherited) @executable_path/Frameworks";
				PRODUCT_BUNDLE_IDENTIFIER = com.grouptuness.ProjectTune;
				PRODUCT_NAME = "$(TARGET_NAME)";
				PROVISIONING_PROFILE_SPECIFIER = "";
				SWIFT_VERSION = 4.0;
				TARGETED_DEVICE_FAMILY = "1,2";
			};
			name = Release;
		};
		67B02F132037C5820092C186 /* Debug */ = {
			isa = XCBuildConfiguration;
			baseConfigurationReference = 71C9873BE052A1B9FB1AC172 /* Pods-ProjectTuneTests.debug.xcconfig */;
			buildSettings = {
				ALWAYS_EMBED_SWIFT_STANDARD_LIBRARIES = YES;
				BUNDLE_LOADER = "$(TEST_HOST)";
				CODE_SIGN_STYLE = Automatic;
				DEVELOPMENT_TEAM = WZD8A279B6;
				INFOPLIST_FILE = ProjectTuneTests/Info.plist;
				LD_RUNPATH_SEARCH_PATHS = "$(inherited) @executable_path/Frameworks @loader_path/Frameworks";
				PRODUCT_BUNDLE_IDENTIFIER = com.grouptune.ProjectTuneTests;
				PRODUCT_NAME = "$(TARGET_NAME)";
				SWIFT_VERSION = 4.0;
				TARGETED_DEVICE_FAMILY = "1,2";
				TEST_HOST = "$(BUILT_PRODUCTS_DIR)/ProjectTune.app/ProjectTune";
			};
			name = Debug;
		};
		67B02F142037C5820092C186 /* Release */ = {
			isa = XCBuildConfiguration;
			baseConfigurationReference = A75ADCB4871F504AA01F9755 /* Pods-ProjectTuneTests.release.xcconfig */;
			buildSettings = {
				ALWAYS_EMBED_SWIFT_STANDARD_LIBRARIES = YES;
				BUNDLE_LOADER = "$(TEST_HOST)";
				CODE_SIGN_STYLE = Automatic;
				DEVELOPMENT_TEAM = WZD8A279B6;
				INFOPLIST_FILE = ProjectTuneTests/Info.plist;
				LD_RUNPATH_SEARCH_PATHS = "$(inherited) @executable_path/Frameworks @loader_path/Frameworks";
				PRODUCT_BUNDLE_IDENTIFIER = com.grouptune.ProjectTuneTests;
				PRODUCT_NAME = "$(TARGET_NAME)";
				SWIFT_VERSION = 4.0;
				TARGETED_DEVICE_FAMILY = "1,2";
				TEST_HOST = "$(BUILT_PRODUCTS_DIR)/ProjectTune.app/ProjectTune";
			};
			name = Release;
		};
/* End XCBuildConfiguration section */

/* Begin XCConfigurationList section */
		67B02EE22037C5810092C186 /* Build configuration list for PBXProject "ProjectTune" */ = {
			isa = XCConfigurationList;
			buildConfigurations = (
				67B02F0D2037C5820092C186 /* Debug */,
				67B02F0E2037C5820092C186 /* Release */,
			);
			defaultConfigurationIsVisible = 0;
			defaultConfigurationName = Release;
		};
		67B02F0F2037C5820092C186 /* Build configuration list for PBXNativeTarget "ProjectTune" */ = {
			isa = XCConfigurationList;
			buildConfigurations = (
				67B02F102037C5820092C186 /* Debug */,
				67B02F112037C5820092C186 /* Release */,
			);
			defaultConfigurationIsVisible = 0;
			defaultConfigurationName = Release;
		};
		67B02F122037C5820092C186 /* Build configuration list for PBXNativeTarget "ProjectTuneTests" */ = {
			isa = XCConfigurationList;
			buildConfigurations = (
				67B02F132037C5820092C186 /* Debug */,
				67B02F142037C5820092C186 /* Release */,
			);
			defaultConfigurationIsVisible = 0;
			defaultConfigurationName = Release;
		};
/* End XCConfigurationList section */
	};
	rootObject = 67B02EDF2037C5810092C186 /* Project object */;
}
